<?xml version="1.0" encoding="utf-8"?>
<Project ToolsVersion="4.0" xmlns="http://schemas.microsoft.com/developer/msbuild/2003">
  <ItemGroup>
    <Filter Include="Source Files">
      <UniqueIdentifier>{4FC737F1-C7A5-4376-A066-2A32D752A2FF}</UniqueIdentifier>
      <Extensions>cpp;c;cc;cxx;def;odl;idl;hpj;bat;asm;asmx</Extensions>
    </Filter>
    <Filter Include="Header Files">
      <UniqueIdentifier>{93995380-89BD-4b04-88EB-625FBE52EBFB}</UniqueIdentifier>
      <Extensions>h;hh;hpp;hxx;hm;inl;inc;xsd</Extensions>
    </Filter>
    <Filter Include="Resource Files">
      <UniqueIdentifier>{67DA6AB6-F800-4c08-8B7A-83BB121AAD01}</UniqueIdentifier>
      <Extensions>rc;ico;cur;bmp;dlg;rc2;rct;bin;rgs;gif;jpg;jpeg;jpe;resx;tiff;tif;png;wav;mfcribbon-ms</Extensions>
    </Filter>
  </ItemGroup>
  <ItemGroup>
    <ClInclude Include="hlt\collision.hpp">
      <Filter>Header Files</Filter>
    </ClInclude>
    <ClInclude Include="hlt\constants.hpp">
      <Filter>Header Files</Filter>
    </ClInclude>
    <ClInclude Include="hlt\entity.hpp">
      <Filter>Header Files</Filter>
    </ClInclude>
    <ClInclude Include="hlt\hlt.hpp">
      <Filter>Header Files</Filter>
    </ClInclude>
    <ClInclude Include="hlt\hlt_in.hpp">
      <Filter>Header Files</Filter>
    </ClInclude>
    <ClInclude Include="hlt\hlt_out.hpp">
      <Filter>Header Files</Filter>
    </ClInclude>
    <ClInclude Include="hlt\location.hpp">
      <Filter>Header Files</Filter>
    </ClInclude>
    <ClInclude Include="hlt\log.hpp">
      <Filter>Header Files</Filter>
    </ClInclude>
    <ClInclude Include="hlt\map.hpp">
      <Filter>Header Files</Filter>
    </ClInclude>
    <ClInclude Include="hlt\move.hpp">
      <Filter>Header Files</Filter>
    </ClInclude>
    <ClInclude Include="hlt\navigation.hpp">
      <Filter>Header Files</Filter>
    </ClInclude>
    <ClInclude Include="hlt\planet.hpp">
      <Filter>Header Files</Filter>
    </ClInclude>
    <ClInclude Include="hlt\ship.hpp">
      <Filter>Header Files</Filter>
    </ClInclude>
    <ClInclude Include="hlt\types.hpp">
      <Filter>Header Files</Filter>
    </ClInclude>
    <ClInclude Include="hlt\util.hpp">
      <Filter>Header Files</Filter>
    </ClInclude>
    <ClInclude Include="Entity.hpp">
      <Filter>Header Files</Filter>
    </ClInclude>
    <ClInclude Include="Instance.hpp">
      <Filter>Header Files</Filter>
    </ClInclude>
    <ClInclude Include="Planet.hpp">
      <Filter>Header Files</Filter>
    </ClInclude>
    <ClInclude Include="Ship.hpp">
      <Filter>Header Files</Filter>
    </ClInclude>
    <ClInclude Include="Input.hpp">
      <Filter>Header Files</Filter>
    </ClInclude>
    <ClInclude Include="Log.hpp">
      <Filter>Header Files</Filter>
    </ClInclude>
    <ClInclude Include="Move.hpp">
      <Filter>Header Files</Filter>
    </ClInclude>
    <ClInclude Include="Types.hpp">
      <Filter>Header Files</Filter>
    </ClInclude>
    <ClInclude Include="Vector2.hpp">
      <Filter>Header Files</Filter>
    </ClInclude>
    <ClInclude Include="Navigation.hpp">
      <Filter>Header Files</Filter>
    </ClInclude>
    <ClInclude Include="Image.hpp">
      <Filter>Header Files</Filter>
    </ClInclude>
    <ClInclude Include="Task.hpp">
      <Filter>Header Files</Filter>
    </ClInclude>
    <ClInclude Include="constants.hpp">
      <Filter>Header Files</Filter>
    </ClInclude>
    <ClInclude Include="Map.hpp">
      <Filter>Header Files</Filter>
    </ClInclude>
  </ItemGroup>
  <ItemGroup>
    <ClCompile Include="hlt\hlt_in.cpp">
      <Filter>Source Files</Filter>
    </ClCompile>
    <ClCompile Include="hlt\location.cpp">
      <Filter>Source Files</Filter>
    </ClCompile>
    <ClCompile Include="hlt\map.cpp">
      <Filter>Source Files</Filter>
    </ClCompile>
    <ClCompile Include="Entity.cpp">
      <Filter>Source Files</Filter>
    </ClCompile>
    <ClCompile Include="Instance.cpp">
      <Filter>Source Files</Filter>
    </ClCompile>
    <ClCompile Include="MyBot.cpp">
      <Filter>Source Files</Filter>
    </ClCompile>
    <ClCompile Include="Planet.cpp">
      <Filter>Source Files</Filter>
    </ClCompile>
    <ClCompile Include="Ship.cpp">
      <Filter>Source Files</Filter>
    </ClCompile>
    <ClCompile Include="Log.cpp">
      <Filter>Source Files</Filter>
    </ClCompile>
    <ClCompile Include="Navigation.cpp">
      <Filter>Source Files</Filter>
    </ClCompile>
    <ClCompile Include="Image.cpp">
      <Filter>Source Files</Filter>
    </ClCompile>
    <ClCompile Include="Task.cpp">
      <Filter>Source Files</Filter>
    </ClCompile>
    <ClCompile Include="Vector2.cpp">
      <Filter>Source Files</Filter>
    </ClCompile>
    <ClCompile Include="Map.cpp">
      <Filter>Source Files</Filter>
    </ClCompile>
  </ItemGroup>
</Project>